
Microsoft Visual Studio Solution File, Format Version 12.00
# Visual Studio Version 17
VisualStudioVersion = 17.0.32014.148
MinimumVisualStudioVersion = 10.0.40219.1
Project("{9A19103F-16F7-4668-BE54-9A1E7A4F7556}") = "Mnemo-XopMC", "Mnemo-XopMC.csproj", "{6593B816-F179-4EE2-831B-F889EDEBDF34}"
EndProject
Global
	GlobalSection(SolutionConfigurationPlatforms) = preSolution
		1|Any CPU = 1|Any CPU
		Debug|Any CPU = Debug|Any CPU
		Release|Any CPU = Release|Any CPU
	EndGlobalSection
	GlobalSection(ProjectConfigurationPlatforms) = postSolution
		{6593B816-F179-4EE2-831B-F889EDEBDF34}.1|Any CPU.ActiveCfg = 1|Any CPU
		{6593B816-F179-4EE2-831B-F889EDEBDF34}.1|Any CPU.Build.0 = 1|Any CPU
		{6593B816-F179-4EE2-831B-F889EDEBDF34}.Debug|Any CPU.ActiveCfg = Debug|Any CPU
		{6593B816-F179-4EE2-831B-F889EDEBDF34}.Debug|Any CPU.Build.0 = Debug|Any CPU
		{6593B816-F179-4EE2-831B-F889EDEBDF34}.Release|Any CPU.ActiveCfg = Release|Any CPU
		{6593B816-F179-4EE2-831B-F889EDEBDF34}.Release|Any CPU.Build.0 = Release|Any CPU
	EndGlobalSection
	GlobalSection(SolutionProperties) = preSolution
		HideSolutionNode = FALSE
	EndGlobalSection
	GlobalSection(ExtensibilityGlobals) = postSolution
		SolutionGuid = {9FA15224-045A-4F9C-B7C0-44CDDB1BE872}
	EndGlobalSection
EndGlobal
